
Microsoft Visual Studio Solution File, Format Version 12.00
# Visual Studio Version 17
VisualStudioVersion = 17.4.33205.214
MinimumVisualStudioVersion = 10.0.40219.1
Project("{9A19103F-16F7-4668-BE54-9A1E7A4F7556}") = "VenminderCodingChallenge", "VenminderCodingChallenge\VenminderCodingChallenge.csproj", "{66CD7B12-C393-4F20-8F37-70DCB3689D4D}"
EndProject
Project("{9A19103F-16F7-4668-BE54-9A1E7A4F7556}") = "VenminderCodingChallengeTests", "VenminderCodingChallengeTests\VenminderCodingChallengeTests.csproj", "{21482BE7-7673-49EE-B75E-231AE7126000}"
EndProject
Global
	GlobalSection(SolutionConfigurationPlatforms) = preSolution
		Debug|Any CPU = Debug|Any CPU
		Release|Any CPU = Release|Any CPU
	EndGlobalSection
	GlobalSection(ProjectConfigurationPlatforms) = postSolution
		{66CD7B12-C393-4F20-8F37-70DCB3689D4D}.Debug|Any CPU.ActiveCfg = Debug|Any CPU
		{66CD7B12-C393-4F20-8F37-70DCB3689D4D}.Debug|Any CPU.Build.0 = Debug|Any CPU
		{66CD7B12-C393-4F20-8F37-70DCB3689D4D}.Release|Any CPU.ActiveCfg = Release|Any CPU
		{66CD7B12-C393-4F20-8F37-70DCB3689D4D}.Release|Any CPU.Build.0 = Release|Any CPU
		{21482BE7-7673-49EE-B75E-231AE7126000}.Debug|Any CPU.ActiveCfg = Debug|Any CPU
		{21482BE7-7673-49EE-B75E-231AE7126000}.Debug|Any CPU.Build.0 = Debug|Any CPU
		{21482BE7-7673-49EE-B75E-231AE7126000}.Release|Any CPU.ActiveCfg = Release|Any CPU
		{21482BE7-7673-49EE-B75E-231AE7126000}.Release|Any CPU.Build.0 = Release|Any CPU
	EndGlobalSection
	GlobalSection(SolutionProperties) = preSolution
		HideSolutionNode = FALSE
	EndGlobalSection
	GlobalSection(ExtensibilityGlobals) = postSolution
		SolutionGuid = {61F01BD5-A016-4D3B-84AE-DCF4EA349370}
	EndGlobalSection
EndGlobal
